
Microsoft Visual Studio Solution File, Format Version 12.00
# Visual Studio 15
VisualStudioVersion = 15.0.27428.2015
MinimumVisualStudioVersion = 10.0.40219.1
Project("{FAE04EC0-301F-11D3-BF4B-00C04F79EFBC}") = "CatalogNoteAPI", "CatalogNoteAPI\CatalogNoteAPI.csproj", "{4087DE04-BF4A-4064-87C2-538B48A258A6}"
EndProject
Global
	GlobalSection(SolutionConfigurationPlatforms) = preSolution
		Debug|Any CPU = Debug|Any CPU
		Release|Any CPU = Release|Any CPU
	EndGlobalSection
	GlobalSection(ProjectConfigurationPlatforms) = postSolution
		{4087DE04-BF4A-4064-87C2-538B48A258A6}.Debug|Any CPU.ActiveCfg = Debug|Any CPU
		{4087DE04-BF4A-4064-87C2-538B48A258A6}.Debug|Any CPU.Build.0 = Debug|Any CPU
		{4087DE04-BF4A-4064-87C2-538B48A258A6}.Release|Any CPU.ActiveCfg = Release|Any CPU
		{4087DE04-BF4A-4064-87C2-538B48A258A6}.Release|Any CPU.Build.0 = Release|Any CPU
	EndGlobalSection
	GlobalSection(SolutionProperties) = preSolution
		HideSolutionNode = FALSE
	EndGlobalSection
	GlobalSection(ExtensibilityGlobals) = postSolution
		SolutionGuid = {E59A351B-599E-4FBE-9C4F-09143DA8ED46}
	EndGlobalSection
EndGlobal
